{
  "name": "easy-rent",
  "version": "0.0.0",
  "lockfileVersion": 1,
  "requires": true,
  "dependencies": {
    "@angular/core": {
      "version": "7.2.9",
      "resolved": "https://registry.npmjs.org/@angular/core/-/core-7.2.9.tgz",
      "integrity": "sha512-tW1jHjCnvtquJ3XEnmqRNMoV7MXAZ2yfnCXE25+odRZjNVMiTcKWvRLd/XjBzjCg2OvwREXcQpB7/s+Av10uAQ==",
      "requires": {
        "tslib": "^1.9.0"
      }
    },
    "@angular/platform-browser": {
      "version": "7.2.9",
      "resolved": "https://registry.npmjs.org/@angular/platform-browser/-/platform-browser-7.2.9.tgz",
      "integrity": "sha512-h7RaXllauFLa1SPcje/cK7IbwCqV6ViyeHEUAAWljrM2OWRU1zRYtDk/gcphRj4tWhhHVfQsJ9+0p3NoPP5LZw==",
      "requires": {
        "tslib": "^1.9.0"
      }
    },
    "@angular/router": {
      "version": "7.2.9",
      "resolved": "https://registry.npmjs.org/@angular/router/-/router-7.2.9.tgz",
      "integrity": "sha512-vNk2x6i1iLNQM1KYnRhbC2DJQvNmlu9lVGzcZzRiS7zDT5DFvbiYA1M7ixUlbehLDEGVKlJEZNIdKWErWW8xYw==",
      "requires": {
        "tslib": "^1.9.0"
      }
    },
    "bootstrap": {
      "version": "4.3.1",
      "resolved": "https://registry.npmjs.org/bootstrap/-/bootstrap-4.3.1.tgz",
      "integrity": "sha512-rXqOmH1VilAt2DyPzluTi2blhk17bO7ef+zLLPlWvG494pDxcM234pJ8wTc/6R40UWizAIIMgxjvxZg5kmsbag=="
    },
    "tslib": {
      "version": "1.9.3",
      "resolved": "https://registry.npmjs.org/tslib/-/tslib-1.9.3.tgz",
      "integrity": "sha512-4krF8scpejhaOgqzBEcGM7yDIEfi0/8+8zDRZhNZZ2kjmHJ4hv3zCbQWxoJGz1iw5U0Jl0nma13xzHXcncMavQ=="
    }
  }
}
